
Microsoft Visual Studio Solution File, Format Version 12.00
# Visual Studio Version 17
VisualStudioVersion = 17.7.34018.315
MinimumVisualStudioVersion = 10.0.40219.1
Project("{FAE04EC0-301F-11D3-BF4B-00C04F79EFBC}") = "Assignment.Infrastructure", "Assignment.Infrastructure\Assignment.Infrastructure.csproj", "{4E799745-C3FC-441F-B903-14094E854CA4}"
EndProject
Project("{FAE04EC0-301F-11D3-BF4B-00C04F79EFBC}") = "Assignment.UI", "Assignment.UI\Assignment.UI.csproj", "{04D1FC19-1210-4943-8525-C34316DC3BB0}"
EndProject
Project("{FAE04EC0-301F-11D3-BF4B-00C04F79EFBC}") = "Assignment.Application", "Assignment.Application\Assignment.Application.csproj", "{46725826-1248-43D9-9BEE-BD1788CDF49F}"
EndProject
Project("{FAE04EC0-301F-11D3-BF4B-00C04F79EFBC}") = "Assignment.Domain", "Assignment.Domain\Assignment.Domain.csproj", "{B628B0A1-2FC0-4CCA-B413-791B8E505B2E}"
EndProject
Project("{FAE04EC0-301F-11D3-BF4B-00C04F79EFBC}") = "Assignment.Contracts", "Assignment.Contracts\Assignment.Contracts.csproj", "{9D2ECEA1-F43C-48DD-AEEA-E1F2251A8776}"
EndProject
Global
	GlobalSection(SolutionConfigurationPlatforms) = preSolution
		Debug|Any CPU = Debug|Any CPU
		Release|Any CPU = Release|Any CPU
	EndGlobalSection
	GlobalSection(ProjectConfigurationPlatforms) = postSolution
		{4E799745-C3FC-441F-B903-14094E854CA4}.Debug|Any CPU.ActiveCfg = Debug|Any CPU
		{4E799745-C3FC-441F-B903-14094E854CA4}.Debug|Any CPU.Build.0 = Debug|Any CPU
		{4E799745-C3FC-441F-B903-14094E854CA4}.Release|Any CPU.ActiveCfg = Release|Any CPU
		{4E799745-C3FC-441F-B903-14094E854CA4}.Release|Any CPU.Build.0 = Release|Any CPU
		{04D1FC19-1210-4943-8525-C34316DC3BB0}.Debug|Any CPU.ActiveCfg = Debug|Any CPU
		{04D1FC19-1210-4943-8525-C34316DC3BB0}.Debug|Any CPU.Build.0 = Debug|Any CPU
		{04D1FC19-1210-4943-8525-C34316DC3BB0}.Release|Any CPU.ActiveCfg = Release|Any CPU
		{04D1FC19-1210-4943-8525-C34316DC3BB0}.Release|Any CPU.Build.0 = Release|Any CPU
		{46725826-1248-43D9-9BEE-BD1788CDF49F}.Debug|Any CPU.ActiveCfg = Debug|Any CPU
		{46725826-1248-43D9-9BEE-BD1788CDF49F}.Debug|Any CPU.Build.0 = Debug|Any CPU
		{46725826-1248-43D9-9BEE-BD1788CDF49F}.Release|Any CPU.ActiveCfg = Release|Any CPU
		{46725826-1248-43D9-9BEE-BD1788CDF49F}.Release|Any CPU.Build.0 = Release|Any CPU
		{B628B0A1-2FC0-4CCA-B413-791B8E505B2E}.Debug|Any CPU.ActiveCfg = Debug|Any CPU
		{B628B0A1-2FC0-4CCA-B413-791B8E505B2E}.Debug|Any CPU.Build.0 = Debug|Any CPU
		{B628B0A1-2FC0-4CCA-B413-791B8E505B2E}.Release|Any CPU.ActiveCfg = Release|Any CPU
		{B628B0A1-2FC0-4CCA-B413-791B8E505B2E}.Release|Any CPU.Build.0 = Release|Any CPU
		{9D2ECEA1-F43C-48DD-AEEA-E1F2251A8776}.Debug|Any CPU.ActiveCfg = Debug|Any CPU
		{9D2ECEA1-F43C-48DD-AEEA-E1F2251A8776}.Debug|Any CPU.Build.0 = Debug|Any CPU
		{9D2ECEA1-F43C-48DD-AEEA-E1F2251A8776}.Release|Any CPU.ActiveCfg = Release|Any CPU
		{9D2ECEA1-F43C-48DD-AEEA-E1F2251A8776}.Release|Any CPU.Build.0 = Release|Any CPU
	EndGlobalSection
	GlobalSection(SolutionProperties) = preSolution
		HideSolutionNode = FALSE
	EndGlobalSection
	GlobalSection(ExtensibilityGlobals) = postSolution
		SolutionGuid = {5CDD53A7-4C47-44BB-BE94-4C96C8CB0938}
	EndGlobalSection
EndGlobal
